
Microsoft Visual Studio Solution File, Format Version 12.00
# Visual Studio Version 17
VisualStudioVersion = 17.5.002.0
MinimumVisualStudioVersion = 10.0.40219.1
Project("{9A19103F-16F7-4668-BE54-9A1E7A4F7556}") = "Desenv_Framework", "Desenv_Framework.csproj", "{EA4A1DB9-2527-43E2-B4C0-F0E8EED42219}"
EndProject
Global
	GlobalSection(SolutionConfigurationPlatforms) = preSolution
		Debug|Any CPU = Debug|Any CPU
		Release|Any CPU = Release|Any CPU
	EndGlobalSection
	GlobalSection(ProjectConfigurationPlatforms) = postSolution
		{EA4A1DB9-2527-43E2-B4C0-F0E8EED42219}.Debug|Any CPU.ActiveCfg = Debug|Any CPU
		{EA4A1DB9-2527-43E2-B4C0-F0E8EED42219}.Debug|Any CPU.Build.0 = Debug|Any CPU
		{EA4A1DB9-2527-43E2-B4C0-F0E8EED42219}.Release|Any CPU.ActiveCfg = Release|Any CPU
		{EA4A1DB9-2527-43E2-B4C0-F0E8EED42219}.Release|Any CPU.Build.0 = Release|Any CPU
	EndGlobalSection
	GlobalSection(SolutionProperties) = preSolution
		HideSolutionNode = FALSE
	EndGlobalSection
	GlobalSection(ExtensibilityGlobals) = postSolution
		SolutionGuid = {85F3025D-97A0-4F9F-ADA1-E434F5CF1D17}
	EndGlobalSection
EndGlobal
